
Microsoft Visual Studio Solution File, Format Version 12.00
Project("{FAE04EC0-301F-11D3-BF4B-00C04F79EFBC}") = "Lab8_3", "Lab8_3\Lab8_3.csproj", "{A0B0919B-8D8F-48CF-B61A-A5FD6859CD0B}"
EndProject
Global
	GlobalSection(SolutionConfigurationPlatforms) = preSolution
		Debug|Any CPU = Debug|Any CPU
		Release|Any CPU = Release|Any CPU
	EndGlobalSection
	GlobalSection(ProjectConfigurationPlatforms) = postSolution
		{A0B0919B-8D8F-48CF-B61A-A5FD6859CD0B}.Debug|Any CPU.ActiveCfg = Debug|Any CPU
		{A0B0919B-8D8F-48CF-B61A-A5FD6859CD0B}.Debug|Any CPU.Build.0 = Debug|Any CPU
		{A0B0919B-8D8F-48CF-B61A-A5FD6859CD0B}.Release|Any CPU.ActiveCfg = Release|Any CPU
		{A0B0919B-8D8F-48CF-B61A-A5FD6859CD0B}.Release|Any CPU.Build.0 = Release|Any CPU
	EndGlobalSection
EndGlobal
