
Microsoft Visual Studio Solution File, Format Version 12.00
Project("{FAE04EC0-301F-11D3-BF4B-00C04F79EFBC}") = "Lab8_2", "Lab8_2\Lab8_2.csproj", "{CF3A8CA6-1156-4FA2-9FEC-EF3AA361E0B3}"
EndProject
Global
	GlobalSection(SolutionConfigurationPlatforms) = preSolution
		Debug|Any CPU = Debug|Any CPU
		Release|Any CPU = Release|Any CPU
	EndGlobalSection
	GlobalSection(ProjectConfigurationPlatforms) = postSolution
		{CF3A8CA6-1156-4FA2-9FEC-EF3AA361E0B3}.Debug|Any CPU.ActiveCfg = Debug|Any CPU
		{CF3A8CA6-1156-4FA2-9FEC-EF3AA361E0B3}.Debug|Any CPU.Build.0 = Debug|Any CPU
		{CF3A8CA6-1156-4FA2-9FEC-EF3AA361E0B3}.Release|Any CPU.ActiveCfg = Release|Any CPU
		{CF3A8CA6-1156-4FA2-9FEC-EF3AA361E0B3}.Release|Any CPU.Build.0 = Release|Any CPU
	EndGlobalSection
EndGlobal
